uuid: 81f8fe3f-76b7-438f-b716-5d7844b6a9a9
langcode: en
status: true
dependencies:
  content:
    - 'block_content:basic:e91e6e29-6e58-42dc-b9e8-57fc1b329e6b'
  module:
    - block_content
  theme:
    - sass_theme_msd
id: sass_theme_msd_infoblock
theme: sass_theme_msd
region: footer_second
weight: 0
provider: null
plugin: 'block_content:e91e6e29-6e58-42dc-b9e8-57fc1b329e6b'
settings:
  id: 'block_content:e91e6e29-6e58-42dc-b9e8-57fc1b329e6b'
  label: 'Info Block'
  label_display: '0'
  provider: block_content
  status: true
  info: ''
  view_mode: full
visibility: {  }
