uuid: 1f7f72b0-104c-4002-823a-64964e15d8e2
langcode: en
status: true
dependencies:
  config:
    - field.storage.paragraph.field_profiles_block
    - paragraphs.paragraphs_type.profile_wrapper
  module:
    - block_field
id: paragraph.profile_wrapper.field_profiles_block
field_name: field_profiles_block
entity_type: paragraph
bundle: profile_wrapper
label: 'Profiles Block'
description: ''
required: false
translatable: true
default_value: {  }
default_value_callback: ''
settings:
  selection: blocks
  selection_settings:
    plugin_ids:
      'views_block:profile_block_view-block_1': 'views_block:profile_block_view-block_1'
field_type: block_field
