uuid: 89e839ad-b83b-4938-9828-d8dc367d7243
langcode: en
status: true
dependencies:
  module:
    - block_field
    - paragraphs
id: paragraph.field_navigation_block
field_name: field_navigation_block
entity_type: paragraph
type: block_field
settings: {  }
module: block_field
locked: false
cardinality: 1
translatable: true
indexes: {  }
persist_with_no_fields: false
custom_storage: false
