uuid: eb945c93-5481-4301-8494-dd802f72da16
langcode: en
status: true
dependencies:
  config:
    - field.storage.paragraph.field_navigation_block
    - paragraphs.paragraphs_type.navigation
  module:
    - block_field
id: paragraph.navigation.field_navigation_block
field_name: field_navigation_block
entity_type: paragraph
bundle: navigation
label: 'Navigation Block'
description: ''
required: false
translatable: true
default_value: {  }
default_value_callback: ''
settings:
  selection: blocks
  selection_settings:
    plugin_ids:
      'system_menu_block:college-applied': 'system_menu_block:college-applied'
      'system_menu_block:graduate-college': 'system_menu_block:graduate-college'
      'system_menu_block:college-of-law': 'system_menu_block:college-of-law'
field_type: block_field
