uuid: 6e7dbc2a-dc3f-44c2-b587-d2203e78b253
langcode: en
status: true
dependencies:
  module:
    - block_field
    - paragraphs
id: paragraph.field_news_block
field_name: field_news_block
entity_type: paragraph
type: block_field
settings: {  }
module: block_field
locked: false
cardinality: 1
translatable: true
indexes: {  }
persist_with_no_fields: false
custom_storage: false
