uuid: 7966df93-67ba-4e15-9001-4a7dbcd8ec5e
langcode: en
status: true
dependencies:
  config:
    - field.storage.node.field_members_block
    - node.type.colleges
  module:
    - block_field
id: node.colleges.field_members_block
field_name: field_members_block
entity_type: node
bundle: colleges
label: 'Members Block'
description: ''
required: false
translatable: true
default_value: {  }
default_value_callback: ''
settings:
  selection: blocks
  selection_settings:
    plugin_ids:
      'views_block:college_views-block_3': 'views_block:college_views-block_3'
      'views_block:college_views-block_1': 'views_block:college_views-block_1'
      'views_block:college_views-block_2': 'views_block:college_views-block_2'
field_type: block_field
