uuid: f515de18-ac50-41ac-be3e-d0b285d2a8dc
langcode: en
status: true
dependencies:
  config:
    - block_content.type.description_block
  module:
    - content_translation
third_party_settings:
  content_translation:
    enabled: true
    bundle_settings:
      untranslatable_fields_hide: '0'
id: block_content.description_block
target_entity_type_id: block_content
target_bundle: description_block
default_langcode: site_default
language_alterable: true
